
Microsoft Visual Studio Solution File, Format Version 12.00
# Visual Studio Version 17
VisualStudioVersion = 17.1.32414.318
MinimumVisualStudioVersion = 10.0.40219.1
Project("{FAE04EC0-301F-11D3-BF4B-00C04F79EFBC}") = "Parse_MS_to_PostSQL", "Parse_MS_to_PostSQL.csproj", "{97F4FCB7-32AC-4FF7-91E4-B3F7725ECC6F}"
EndProject
Global
	GlobalSection(SolutionConfigurationPlatforms) = preSolution
		Debug|Any CPU = Debug|Any CPU
		Release|Any CPU = Release|Any CPU
	EndGlobalSection
	GlobalSection(ProjectConfigurationPlatforms) = postSolution
		{97F4FCB7-32AC-4FF7-91E4-B3F7725ECC6F}.Debug|Any CPU.ActiveCfg = Debug|Any CPU
		{97F4FCB7-32AC-4FF7-91E4-B3F7725ECC6F}.Debug|Any CPU.Build.0 = Debug|Any CPU
		{97F4FCB7-32AC-4FF7-91E4-B3F7725ECC6F}.Release|Any CPU.ActiveCfg = Release|Any CPU
		{97F4FCB7-32AC-4FF7-91E4-B3F7725ECC6F}.Release|Any CPU.Build.0 = Release|Any CPU
	EndGlobalSection
	GlobalSection(SolutionProperties) = preSolution
		HideSolutionNode = FALSE
	EndGlobalSection
	GlobalSection(ExtensibilityGlobals) = postSolution
		SolutionGuid = {1C48627C-0825-4140-8725-A33A816E842B}
	EndGlobalSection
EndGlobal
